
Microsoft Visual Studio Solution File, Format Version 12.00
# Visual Studio Version 17
VisualStudioVersion = 17.5.33516.290
MinimumVisualStudioVersion = 10.0.40219.1
Project("{FAE04EC0-301F-11D3-BF4B-00C04F79EFBC}") = "API", "API\API.csproj", "{62593021-439B-445D-B141-00DD4C909E83}"
EndProject
Global
	GlobalSection(SolutionConfigurationPlatforms) = preSolution
		Debug|Any CPU = Debug|Any CPU
		Release|Any CPU = Release|Any CPU
	EndGlobalSection
	GlobalSection(ProjectConfigurationPlatforms) = postSolution
		{62593021-439B-445D-B141-00DD4C909E83}.Debug|Any CPU.ActiveCfg = Debug|Any CPU
		{62593021-439B-445D-B141-00DD4C909E83}.Debug|Any CPU.Build.0 = Debug|Any CPU
		{62593021-439B-445D-B141-00DD4C909E83}.Release|Any CPU.ActiveCfg = Release|Any CPU
		{62593021-439B-445D-B141-00DD4C909E83}.Release|Any CPU.Build.0 = Release|Any CPU
	EndGlobalSection
	GlobalSection(SolutionProperties) = preSolution
		HideSolutionNode = FALSE
	EndGlobalSection
	GlobalSection(ExtensibilityGlobals) = postSolution
		SolutionGuid = {67E70264-E13A-4758-8329-A782A598421F}
	EndGlobalSection
EndGlobal
